// !$*UTF8*$!
{
	archiveVersion = 1;
	classes = {
	};
	objectVersion = 55;
	objects = {

/* Begin PBXBuildFile section */
		560590B928AE8247002E139E /* SettingsView.swift in Sources */ = {isa = PBXBuildFile; fileRef = 560590B828AE8247002E139E /* SettingsView.swift */; };
		560590BB28AE8256002E139E /* MapView.swift in Sources */ = {isa = PBXBuildFile; fileRef = 560590BA28AE8256002E139E /* MapView.swift */; };
		560590BD28AEB24C002E139E /* MainView.swift in Sources */ = {isa = PBXBuildFile; fileRef = 560590BC28AEB24C002E139E /* MainView.swift */; };
		56623BC528879B2D002C59B9 /* OnTrackApp.swift in Sources */ = {isa = PBXBuildFile; fileRef = 56623BC428879B2D002C59B9 /* OnTrackApp.swift */; };
		56623BC928879B34002C59B9 /* Assets.xcassets in Resources */ = {isa = PBXBuildFile; fileRef = 56623BC828879B34002C59B9 /* Assets.xcassets */; };
		56623BCC28879B34002C59B9 /* Preview Assets.xcassets in Resources */ = {isa = PBXBuildFile; fileRef = 56623BCB28879B34002C59B9 /* Preview Assets.xcassets */; };
		56623BD628879B34002C59B9 /* OnTrackTests.swift in Sources */ = {isa = PBXBuildFile; fileRef = 56623BD528879B34002C59B9 /* OnTrackTests.swift */; };
		56623BE028879B34002C59B9 /* OnTrackUITests.swift in Sources */ = {isa = PBXBuildFile; fileRef = 56623BDF28879B34002C59B9 /* OnTrackUITests.swift */; };
		56623BE228879B34002C59B9 /* OnTrackUITestsLaunchTests.swift in Sources */ = {isa = PBXBuildFile; fileRef = 56623BE128879B34002C59B9 /* OnTrackUITestsLaunchTests.swift */; };
		567C6FDA28961E3200FD56B6 /* Routes.swift in Sources */ = {isa = PBXBuildFile; fileRef = 567C6FD928961E3200FD56B6 /* Routes.swift */; };
		567C6FDC2897028C00FD56B6 /* Content-ViewModel.swift in Sources */ = {isa = PBXBuildFile; fileRef = 567C6FDB2897028C00FD56B6 /* Content-ViewModel.swift */; };
		567C6FDE2897045A00FD56B6 /* Database.swift in Sources */ = {isa = PBXBuildFile; fileRef = 567C6FDD2897045A00FD56B6 /* Database.swift */; };
		5687FA9B289D87B800307DA2 /* RoutesView.swift in Sources */ = {isa = PBXBuildFile; fileRef = 5687FA9A289D87B800307DA2 /* RoutesView.swift */; };
		568A141928B8FB1A00C0D9D1 /* TripsContainer.xcdatamodeld in Sources */ = {isa = PBXBuildFile; fileRef = 568A141728B8FB1A00C0D9D1 /* TripsContainer.xcdatamodeld */; };
		568A141B28B90D6400C0D9D1 /* AddTripView.swift in Sources */ = {isa = PBXBuildFile; fileRef = 568A141A28B90D6400C0D9D1 /* AddTripView.swift */; };
		568A141F28BA543D00C0D9D1 /* LaunchScreen.storyboard in Resources */ = {isa = PBXBuildFile; fileRef = 568A141E28BA543D00C0D9D1 /* LaunchScreen.storyboard */; };
		568DD44C28A02E73007D6DE1 /* StopsView.swift in Sources */ = {isa = PBXBuildFile; fileRef = 568DD44B28A02E73007D6DE1 /* StopsView.swift */; };
		568DD45028A169B0007D6DE1 /* MetroFeed.swift in Sources */ = {isa = PBXBuildFile; fileRef = 568DD44F28A169B0007D6DE1 /* MetroFeed.swift */; };
		568DD45228A53E2C007D6DE1 /* Train.swift in Sources */ = {isa = PBXBuildFile; fileRef = 568DD45128A53E2C007D6DE1 /* Train.swift */; };
		568DD45428A54A4B007D6DE1 /* DataFetching.swift in Sources */ = {isa = PBXBuildFile; fileRef = 568DD45328A54A4B007D6DE1 /* DataFetching.swift */; };
		568DD45628A54C19007D6DE1 /* MinuteView.swift in Sources */ = {isa = PBXBuildFile; fileRef = 568DD45528A54C19007D6DE1 /* MinuteView.swift */; };
		568DD45828A68193007D6DE1 /* PlannerView.swift in Sources */ = {isa = PBXBuildFile; fileRef = 568DD45728A68193007D6DE1 /* PlannerView.swift */; };
		568DD45D28A69503007D6DE1 /* Station.swift in Sources */ = {isa = PBXBuildFile; fileRef = 568DD45C28A69503007D6DE1 /* Station.swift */; };
		568DD45F28A69540007D6DE1 /* PlannerViewModel.swift in Sources */ = {isa = PBXBuildFile; fileRef = 568DD45E28A69540007D6DE1 /* PlannerViewModel.swift */; };
		568DD46128A6A396007D6DE1 /* WebViewModel.swift in Sources */ = {isa = PBXBuildFile; fileRef = 568DD46028A6A396007D6DE1 /* WebViewModel.swift */; };
/* End PBXBuildFile section */

/* Begin PBXContainerItemProxy section */
		56623BD228879B34002C59B9 /* PBXContainerItemProxy */ = {
			isa = PBXContainerItemProxy;
			containerPortal = 56623BB928879B2D002C59B9 /* Project object */;
			proxyType = 1;
			remoteGlobalIDString = 56623BC028879B2D002C59B9;
			remoteInfo = OnTrack;
		};
		56623BDC28879B34002C59B9 /* PBXContainerItemProxy */ = {
			isa = PBXContainerItemProxy;
			containerPortal = 56623BB928879B2D002C59B9 /* Project object */;
			proxyType = 1;
			remoteGlobalIDString = 56623BC028879B2D002C59B9;
			remoteInfo = OnTrack;
		};
/* End PBXContainerItemProxy section */

/* Begin PBXFileReference section */
		560590B828AE8247002E139E /* SettingsView.swift */ = {isa = PBXFileReference; lastKnownFileType = sourcecode.swift; path = SettingsView.swift; sourceTree = "<group>"; };
		560590BA28AE8256002E139E /* MapView.swift */ = {isa = PBXFileReference; lastKnownFileType = sourcecode.swift; path = MapView.swift; sourceTree = "<group>"; };
		560590BC28AEB24C002E139E /* MainView.swift */ = {isa = PBXFileReference; lastKnownFileType = sourcecode.swift; path = MainView.swift; sourceTree = "<group>"; };
		56623BC128879B2D002C59B9 /* OnTrack.app */ = {isa = PBXFileReference; explicitFileType = wrapper.application; includeInIndex = 0; path = OnTrack.app; sourceTree = BUILT_PRODUCTS_DIR; };
		56623BC428879B2D002C59B9 /* OnTrackApp.swift */ = {isa = PBXFileReference; lastKnownFileType = sourcecode.swift; path = OnTrackApp.swift; sourceTree = "<group>"; };
		56623BC828879B34002C59B9 /* Assets.xcassets */ = {isa = PBXFileReference; lastKnownFileType = folder.assetcatalog; path = Assets.xcassets; sourceTree = "<group>"; };
		56623BCB28879B34002C59B9 /* Preview Assets.xcassets */ = {isa = PBXFileReference; lastKnownFileType = folder.assetcatalog; path = "Preview Assets.xcassets"; sourceTree = "<group>"; };
		56623BD128879B34002C59B9 /* OnTrackTests.xctest */ = {isa = PBXFileReference; explicitFileType = wrapper.cfbundle; includeInIndex = 0; path = OnTrackTests.xctest; sourceTree = BUILT_PRODUCTS_DIR; };
		56623BD528879B34002C59B9 /* OnTrackTests.swift */ = {isa = PBXFileReference; lastKnownFileType = sourcecode.swift; path = OnTrackTests.swift; sourceTree = "<group>"; };
		56623BDB28879B34002C59B9 /* OnTrackUITests.xctest */ = {isa = PBXFileReference; explicitFileType = wrapper.cfbundle; includeInIndex = 0; path = OnTrackUITests.xctest; sourceTree = BUILT_PRODUCTS_DIR; };
		56623BDF28879B34002C59B9 /* OnTrackUITests.swift */ = {isa = PBXFileReference; lastKnownFileType = sourcecode.swift; path = OnTrackUITests.swift; sourceTree = "<group>"; };
		56623BE128879B34002C59B9 /* OnTrackUITestsLaunchTests.swift */ = {isa = PBXFileReference; lastKnownFileType = sourcecode.swift; path = OnTrackUITestsLaunchTests.swift; sourceTree = "<group>"; };
		567C6FD928961E3200FD56B6 /* Routes.swift */ = {isa = PBXFileReference; lastKnownFileType = sourcecode.swift; path = Routes.swift; sourceTree = "<group>"; };
		567C6FDB2897028C00FD56B6 /* Content-ViewModel.swift */ = {isa = PBXFileReference; lastKnownFileType = sourcecode.swift; path = "Content-ViewModel.swift"; sourceTree = "<group>"; };
		567C6FDD2897045A00FD56B6 /* Database.swift */ = {isa = PBXFileReference; lastKnownFileType = sourcecode.swift; path = Database.swift; sourceTree = "<group>"; };
		5687FA9A289D87B800307DA2 /* RoutesView.swift */ = {isa = PBXFileReference; lastKnownFileType = sourcecode.swift; path = RoutesView.swift; sourceTree = "<group>"; };
		568A141828B8FB1A00C0D9D1 /* TripsContainer.xcdatamodel */ = {isa = PBXFileReference; lastKnownFileType = wrapper.xcdatamodel; path = TripsContainer.xcdatamodel; sourceTree = "<group>"; };
		568A141A28B90D6400C0D9D1 /* AddTripView.swift */ = {isa = PBXFileReference; lastKnownFileType = sourcecode.swift; path = AddTripView.swift; sourceTree = "<group>"; };
		568A141E28BA543D00C0D9D1 /* LaunchScreen.storyboard */ = {isa = PBXFileReference; lastKnownFileType = file.storyboard; path = LaunchScreen.storyboard; sourceTree = "<group>"; };
		568DD44B28A02E73007D6DE1 /* StopsView.swift */ = {isa = PBXFileReference; lastKnownFileType = sourcecode.swift; path = StopsView.swift; sourceTree = "<group>"; };
		568DD44F28A169B0007D6DE1 /* MetroFeed.swift */ = {isa = PBXFileReference; lastKnownFileType = sourcecode.swift; path = MetroFeed.swift; sourceTree = "<group>"; };
		568DD45128A53E2C007D6DE1 /* Train.swift */ = {isa = PBXFileReference; lastKnownFileType = sourcecode.swift; path = Train.swift; sourceTree = "<group>"; };
		568DD45328A54A4B007D6DE1 /* DataFetching.swift */ = {isa = PBXFileReference; lastKnownFileType = sourcecode.swift; path = DataFetching.swift; sourceTree = "<group>"; };
		568DD45528A54C19007D6DE1 /* MinuteView.swift */ = {isa = PBXFileReference; lastKnownFileType = sourcecode.swift; path = MinuteView.swift; sourceTree = "<group>"; };
		568DD45728A68193007D6DE1 /* PlannerView.swift */ = {isa = PBXFileReference; lastKnownFileType = sourcecode.swift; path = PlannerView.swift; sourceTree = "<group>"; };
		568DD45C28A69503007D6DE1 /* Station.swift */ = {isa = PBXFileReference; lastKnownFileType = sourcecode.swift; path = Station.swift; sourceTree = "<group>"; };
		568DD45E28A69540007D6DE1 /* PlannerViewModel.swift */ = {isa = PBXFileReference; lastKnownFileType = sourcecode.swift; path = PlannerViewModel.swift; sourceTree = "<group>"; };
		568DD46028A6A396007D6DE1 /* WebViewModel.swift */ = {isa = PBXFileReference; lastKnownFileType = sourcecode.swift; path = WebViewModel.swift; sourceTree = "<group>"; };
/* End PBXFileReference section */

/* Begin PBXFrameworksBuildPhase section */
		56623BBE28879B2D002C59B9 /* Frameworks */ = {
			isa = PBXFrameworksBuildPhase;
			buildActionMask = 2147483647;
			files = (
			);
			runOnlyForDeploymentPostprocessing = 0;
		};
		56623BCE28879B34002C59B9 /* Frameworks */ = {
			isa = PBXFrameworksBuildPhase;
			buildActionMask = 2147483647;
			files = (
			);
			runOnlyForDeploymentPostprocessing = 0;
		};
		56623BD828879B34002C59B9 /* Frameworks */ = {
			isa = PBXFrameworksBuildPhase;
			buildActionMask = 2147483647;
			files = (
			);
			runOnlyForDeploymentPostprocessing = 0;
		};
/* End PBXFrameworksBuildPhase section */

/* Begin PBXGroup section */
		56623BB828879B2D002C59B9 = {
			isa = PBXGroup;
			children = (
				56623BC328879B2D002C59B9 /* OnTrack */,
				56623BD428879B34002C59B9 /* OnTrackTests */,
				56623BDE28879B34002C59B9 /* OnTrackUITests */,
				56623BC228879B2D002C59B9 /* Products */,
			);
			sourceTree = "<group>";
		};
		56623BC228879B2D002C59B9 /* Products */ = {
			isa = PBXGroup;
			children = (
				56623BC128879B2D002C59B9 /* OnTrack.app */,
				56623BD128879B34002C59B9 /* OnTrackTests.xctest */,
				56623BDB28879B34002C59B9 /* OnTrackUITests.xctest */,
			);
			name = Products;
			sourceTree = "<group>";
		};
		56623BC328879B2D002C59B9 /* OnTrack */ = {
			isa = PBXGroup;
			children = (
				56623BC428879B2D002C59B9 /* OnTrackApp.swift */,
				56623BC828879B34002C59B9 /* Assets.xcassets */,
				568A142028BA9DA700C0D9D1 /* JSON Fetching (WIP) */,
				568DD45A28A69470007D6DE1 /* Models */,
				568DD45B28A69479007D6DE1 /* ViewModels */,
				568DD45928A69469007D6DE1 /* Views */,
				56623BCA28879B34002C59B9 /* Preview Content */,
			);
			path = OnTrack;
			sourceTree = "<group>";
		};
		56623BCA28879B34002C59B9 /* Preview Content */ = {
			isa = PBXGroup;
			children = (
				56623BCB28879B34002C59B9 /* Preview Assets.xcassets */,
			);
			path = "Preview Content";
			sourceTree = "<group>";
		};
		56623BD428879B34002C59B9 /* OnTrackTests */ = {
			isa = PBXGroup;
			children = (
				56623BD528879B34002C59B9 /* OnTrackTests.swift */,
			);
			path = OnTrackTests;
			sourceTree = "<group>";
		};
		56623BDE28879B34002C59B9 /* OnTrackUITests */ = {
			isa = PBXGroup;
			children = (
				56623BDF28879B34002C59B9 /* OnTrackUITests.swift */,
				56623BE128879B34002C59B9 /* OnTrackUITestsLaunchTests.swift */,
			);
			path = OnTrackUITests;
			sourceTree = "<group>";
		};
		568A142028BA9DA700C0D9D1 /* JSON Fetching (WIP) */ = {
			isa = PBXGroup;
			children = (
				568DD44F28A169B0007D6DE1 /* MetroFeed.swift */,
				568DD45328A54A4B007D6DE1 /* DataFetching.swift */,
				568DD45528A54C19007D6DE1 /* MinuteView.swift */,
			);
			path = "JSON Fetching (WIP)";
			sourceTree = "<group>";
		};
		568DD45928A69469007D6DE1 /* Views */ = {
			isa = PBXGroup;
			children = (
				568A141E28BA543D00C0D9D1 /* LaunchScreen.storyboard */,
				560590BC28AEB24C002E139E /* MainView.swift */,
				5687FA9A289D87B800307DA2 /* RoutesView.swift */,
				568DD44B28A02E73007D6DE1 /* StopsView.swift */,
				568DD45728A68193007D6DE1 /* PlannerView.swift */,
				568A141A28B90D6400C0D9D1 /* AddTripView.swift */,
				560590B828AE8247002E139E /* SettingsView.swift */,
				560590BA28AE8256002E139E /* MapView.swift */,
			);
			path = Views;
			sourceTree = "<group>";
		};
		568DD45A28A69470007D6DE1 /* Models */ = {
			isa = PBXGroup;
			children = (
				568A141728B8FB1A00C0D9D1 /* TripsContainer.xcdatamodeld */,
				567C6FD928961E3200FD56B6 /* Routes.swift */,
				568DD45128A53E2C007D6DE1 /* Train.swift */,
				568DD45C28A69503007D6DE1 /* Station.swift */,
			);
			path = Models;
			sourceTree = "<group>";
		};
		568DD45B28A69479007D6DE1 /* ViewModels */ = {
			isa = PBXGroup;
			children = (
				567C6FDD2897045A00FD56B6 /* Database.swift */,
				567C6FDB2897028C00FD56B6 /* Content-ViewModel.swift */,
				568DD45E28A69540007D6DE1 /* PlannerViewModel.swift */,
				568DD46028A6A396007D6DE1 /* WebViewModel.swift */,
			);
			path = ViewModels;
			sourceTree = "<group>";
		};
/* End PBXGroup section */

/* Begin PBXNativeTarget section */
		56623BC028879B2D002C59B9 /* OnTrack */ = {
			isa = PBXNativeTarget;
			buildConfigurationList = 56623BE528879B34002C59B9 /* Build configuration list for PBXNativeTarget "OnTrack" */;
			buildPhases = (
				56623BBD28879B2D002C59B9 /* Sources */,
				56623BBE28879B2D002C59B9 /* Frameworks */,
				56623BBF28879B2D002C59B9 /* Resources */,
			);
			buildRules = (
			);
			dependencies = (
			);
			name = OnTrack;
			productName = OnTrack;
			productReference = 56623BC128879B2D002C59B9 /* OnTrack.app */;
			productType = "com.apple.product-type.application";
		};
		56623BD028879B34002C59B9 /* OnTrackTests */ = {
			isa = PBXNativeTarget;
			buildConfigurationList = 56623BE828879B34002C59B9 /* Build configuration list for PBXNativeTarget "OnTrackTests" */;
			buildPhases = (
				56623BCD28879B34002C59B9 /* Sources */,
				56623BCE28879B34002C59B9 /* Frameworks */,
				56623BCF28879B34002C59B9 /* Resources */,
			);
			buildRules = (
			);
			dependencies = (
				56623BD328879B34002C59B9 /* PBXTargetDependency */,
			);
			name = OnTrackTests;
			productName = OnTrackTests;
			productReference = 56623BD128879B34002C59B9 /* OnTrackTests.xctest */;
			productType = "com.apple.product-type.bundle.unit-test";
		};
		56623BDA28879B34002C59B9 /* OnTrackUITests */ = {
			isa = PBXNativeTarget;
			buildConfigurationList = 56623BEB28879B34002C59B9 /* Build configuration list for PBXNativeTarget "OnTrackUITests" */;
			buildPhases = (
				56623BD728879B34002C59B9 /* Sources */,
				56623BD828879B34002C59B9 /* Frameworks */,
				56623BD928879B34002C59B9 /* Resources */,
			);
			buildRules = (
			);
			dependencies = (
				56623BDD28879B34002C59B9 /* PBXTargetDependency */,
			);
			name = OnTrackUITests;
			productName = OnTrackUITests;
			productReference = 56623BDB28879B34002C59B9 /* OnTrackUITests.xctest */;
			productType = "com.apple.product-type.bundle.ui-testing";
		};
/* End PBXNativeTarget section */

/* Begin PBXProject section */
		56623BB928879B2D002C59B9 /* Project object */ = {
			isa = PBXProject;
			attributes = {
				BuildIndependentTargetsInParallel = 1;
				LastSwiftUpdateCheck = 1340;
				LastUpgradeCheck = 1340;
				TargetAttributes = {
					56623BC028879B2D002C59B9 = {
						CreatedOnToolsVersion = 13.4.1;
					};
					56623BD028879B34002C59B9 = {
						CreatedOnToolsVersion = 13.4.1;
						TestTargetID = 56623BC028879B2D002C59B9;
					};
					56623BDA28879B34002C59B9 = {
						CreatedOnToolsVersion = 13.4.1;
						TestTargetID = 56623BC028879B2D002C59B9;
					};
				};
			};
			buildConfigurationList = 56623BBC28879B2D002C59B9 /* Build configuration list for PBXProject "OnTrack" */;
			compatibilityVersion = "Xcode 13.0";
			developmentRegion = en;
			hasScannedForEncodings = 0;
			knownRegions = (
				en,
				Base,
			);
			mainGroup = 56623BB828879B2D002C59B9;
			productRefGroup = 56623BC228879B2D002C59B9 /* Products */;
			projectDirPath = "";
			projectRoot = "";
			targets = (
				56623BC028879B2D002C59B9 /* OnTrack */,
				56623BD028879B34002C59B9 /* OnTrackTests */,
				56623BDA28879B34002C59B9 /* OnTrackUITests */,
			);
		};
/* End PBXProject section */

/* Begin PBXResourcesBuildPhase section */
		56623BBF28879B2D002C59B9 /* Resources */ = {
			isa = PBXResourcesBuildPhase;
			buildActionMask = 2147483647;
			files = (
				568A141F28BA543D00C0D9D1 /* LaunchScreen.storyboard in Resources */,
				56623BCC28879B34002C59B9 /* Preview Assets.xcassets in Resources */,
				56623BC928879B34002C59B9 /* Assets.xcassets in Resources */,
			);
			runOnlyForDeploymentPostprocessing = 0;
		};
		56623BCF28879B34002C59B9 /* Resources */ = {
			isa = PBXResourcesBuildPhase;
			buildActionMask = 2147483647;
			files = (
			);
			runOnlyForDeploymentPostprocessing = 0;
		};
		56623BD928879B34002C59B9 /* Resources */ = {
			isa = PBXResourcesBuildPhase;
			buildActionMask = 2147483647;
			files = (
			);
			runOnlyForDeploymentPostprocessing = 0;
		};
/* End PBXResourcesBuildPhase section */

/* Begin PBXSourcesBuildPhase section */
		56623BBD28879B2D002C59B9 /* Sources */ = {
			isa = PBXSourcesBuildPhase;
			buildActionMask = 2147483647;
			files = (
				568DD45628A54C19007D6DE1 /* MinuteView.swift in Sources */,
				560590BD28AEB24C002E139E /* MainView.swift in Sources */,
				567C6FDA28961E3200FD56B6 /* Routes.swift in Sources */,
				567C6FDC2897028C00FD56B6 /* Content-ViewModel.swift in Sources */,
				560590B928AE8247002E139E /* SettingsView.swift in Sources */,
				568DD44C28A02E73007D6DE1 /* StopsView.swift in Sources */,
				560590BB28AE8256002E139E /* MapView.swift in Sources */,
				568DD45D28A69503007D6DE1 /* Station.swift in Sources */,
				568A141928B8FB1A00C0D9D1 /* TripsContainer.xcdatamodeld in Sources */,
				567C6FDE2897045A00FD56B6 /* Database.swift in Sources */,
				568A141B28B90D6400C0D9D1 /* AddTripView.swift in Sources */,
				568DD45428A54A4B007D6DE1 /* DataFetching.swift in Sources */,
				568DD45028A169B0007D6DE1 /* MetroFeed.swift in Sources */,
				568DD45F28A69540007D6DE1 /* PlannerViewModel.swift in Sources */,
				5687FA9B289D87B800307DA2 /* RoutesView.swift in Sources */,
				568DD45228A53E2C007D6DE1 /* Train.swift in Sources */,
				56623BC528879B2D002C59B9 /* OnTrackApp.swift in Sources */,
				568DD46128A6A396007D6DE1 /* WebViewModel.swift in Sources */,
				568DD45828A68193007D6DE1 /* PlannerView.swift in Sources */,
			);
			runOnlyForDeploymentPostprocessing = 0;
		};
		56623BCD28879B34002C59B9 /* Sources */ = {
			isa = PBXSourcesBuildPhase;
			buildActionMask = 2147483647;
			files = (
				56623BD628879B34002C59B9 /* OnTrackTests.swift in Sources */,
			);
			runOnlyForDeploymentPostprocessing = 0;
		};
		56623BD728879B34002C59B9 /* Sources */ = {
			isa = PBXSourcesBuildPhase;
			buildActionMask = 2147483647;
			files = (
				56623BE028879B34002C59B9 /* OnTrackUITests.swift in Sources */,
				56623BE228879B34002C59B9 /* OnTrackUITestsLaunchTests.swift in Sources */,
			);
			runOnlyForDeploymentPostprocessing = 0;
		};
/* End PBXSourcesBuildPhase section */

/* Begin PBXTargetDependency section */
		56623BD328879B34002C59B9 /* PBXTargetDependency */ = {
			isa = PBXTargetDependency;
			target = 56623BC028879B2D002C59B9 /* OnTrack */;
			targetProxy = 56623BD228879B34002C59B9 /* PBXContainerItemProxy */;
		};
		56623BDD28879B34002C59B9 /* PBXTargetDependency */ = {
			isa = PBXTargetDependency;
			target = 56623BC028879B2D002C59B9 /* OnTrack */;
			targetProxy = 56623BDC28879B34002C59B9 /* PBXContainerItemProxy */;
		};
/* End PBXTargetDependency section */

/* Begin XCBuildConfiguration section */
		56623BE328879B34002C59B9 /* Debug */ = {
			isa = XCBuildConfiguration;
			buildSettings = {
				ALWAYS_SEARCH_USER_PATHS = NO;
				CLANG_ANALYZER_NONNULL = YES;
				CLANG_ANALYZER_NUMBER_OBJECT_CONVERSION = YES_AGGRESSIVE;
				CLANG_CXX_LANGUAGE_STANDARD = "gnu++17";
				CLANG_ENABLE_MODULES = YES;
				CLANG_ENABLE_OBJC_ARC = YES;
				CLANG_ENABLE_OBJC_WEAK = YES;
				CLANG_WARN_BLOCK_CAPTURE_AUTORELEASING = YES;
				CLANG_WARN_BOOL_CONVERSION = YES;
				CLANG_WARN_COMMA = YES;
				CLANG_WARN_CONSTANT_CONVERSION = YES;
				CLANG_WARN_DEPRECATED_OBJC_IMPLEMENTATIONS = YES;
				CLANG_WARN_DIRECT_OBJC_ISA_USAGE = YES_ERROR;
				CLANG_WARN_DOCUMENTATION_COMMENTS = YES;
				CLANG_WARN_EMPTY_BODY = YES;
				CLANG_WARN_ENUM_CONVERSION = YES;
				CLANG_WARN_INFINITE_RECURSION = YES;
				CLANG_WARN_INT_CONVERSION = YES;
				CLANG_WARN_NON_LITERAL_NULL_CONVERSION = YES;
				CLANG_WARN_OBJC_IMPLICIT_RETAIN_SELF = YES;
				CLANG_WARN_OBJC_LITERAL_CONVERSION = YES;
				CLANG_WARN_OBJC_ROOT_CLASS = YES_ERROR;
				CLANG_WARN_QUOTED_INCLUDE_IN_FRAMEWORK_HEADER = YES;
				CLANG_WARN_RANGE_LOOP_ANALYSIS = YES;
				CLANG_WARN_STRICT_PROTOTYPES = YES;
				CLANG_WARN_SUSPICIOUS_MOVE = YES;
				CLANG_WARN_UNGUARDED_AVAILABILITY = YES_AGGRESSIVE;
				CLANG_WARN_UNREACHABLE_CODE = YES;
				CLANG_WARN__DUPLICATE_METHOD_MATCH = YES;
				COPY_PHASE_STRIP = NO;
				DEBUG_INFORMATION_FORMAT = dwarf;
				ENABLE_STRICT_OBJC_MSGSEND = YES;
				ENABLE_TESTABILITY = YES;
				GCC_C_LANGUAGE_STANDARD = gnu11;
				GCC_DYNAMIC_NO_PIC = NO;
				GCC_NO_COMMON_BLOCKS = YES;
				GCC_OPTIMIZATION_LEVEL = 0;
				GCC_PREPROCESSOR_DEFINITIONS = (
					"DEBUG=1",
					"$(inherited)",
				);
				GCC_WARN_64_TO_32_BIT_CONVERSION = YES;
				GCC_WARN_ABOUT_RETURN_TYPE = YES_ERROR;
				GCC_WARN_UNDECLARED_SELECTOR = YES;
				GCC_WARN_UNINITIALIZED_AUTOS = YES_AGGRESSIVE;
				GCC_WARN_UNUSED_FUNCTION = YES;
				GCC_WARN_UNUSED_VARIABLE = YES;
				IPHONEOS_DEPLOYMENT_TARGET = 15.5;
				MTL_ENABLE_DEBUG_INFO = INCLUDE_SOURCE;
				MTL_FAST_MATH = YES;
				ONLY_ACTIVE_ARCH = YES;
				SDKROOT = iphoneos;
				SWIFT_ACTIVE_COMPILATION_CONDITIONS = DEBUG;
				SWIFT_OPTIMIZATION_LEVEL = "-Onone";
			};
			name = Debug;
		};
		56623BE428879B34002C59B9 /* Release */ = {
			isa = XCBuildConfiguration;
			buildSettings = {
				ALWAYS_SEARCH_USER_PATHS = NO;
				CLANG_ANALYZER_NONNULL = YES;
				CLANG_ANALYZER_NUMBER_OBJECT_CONVERSION = YES_AGGRESSIVE;
				CLANG_CXX_LANGUAGE_STANDARD = "gnu++17";
				CLANG_ENABLE_MODULES = YES;
				CLANG_ENABLE_OBJC_ARC = YES;
				CLANG_ENABLE_OBJC_WEAK = YES;
				CLANG_WARN_BLOCK_CAPTURE_AUTORELEASING = YES;
				CLANG_WARN_BOOL_CONVERSION = YES;
				CLANG_WARN_COMMA = YES;
				CLANG_WARN_CONSTANT_CONVERSION = YES;
				CLANG_WARN_DEPRECATED_OBJC_IMPLEMENTATIONS = YES;
				CLANG_WARN_DIRECT_OBJC_ISA_USAGE = YES_ERROR;
				CLANG_WARN_DOCUMENTATION_COMMENTS = YES;
				CLANG_WARN_EMPTY_BODY = YES;
				CLANG_WARN_ENUM_CONVERSION = YES;
				CLANG_WARN_INFINITE_RECURSION = YES;
				CLANG_WARN_INT_CONVERSION = YES;
				CLANG_WARN_NON_LITERAL_NULL_CONVERSION = YES;
				CLANG_WARN_OBJC_IMPLICIT_RETAIN_SELF = YES;
				CLANG_WARN_OBJC_LITERAL_CONVERSION = YES;
				CLANG_WARN_OBJC_ROOT_CLASS = YES_ERROR;
				CLANG_WARN_QUOTED_INCLUDE_IN_FRAMEWORK_HEADER = YES;
				CLANG_WARN_RANGE_LOOP_ANALYSIS = YES;
				CLANG_WARN_STRICT_PROTOTYPES = YES;
				CLANG_WARN_SUSPICIOUS_MOVE = YES;
				CLANG_WARN_UNGUARDED_AVAILABILITY = YES_AGGRESSIVE;
				CLANG_WARN_UNREACHABLE_CODE = YES;
				CLANG_WARN__DUPLICATE_METHOD_MATCH = YES;
				COPY_PHASE_STRIP = NO;
				DEBUG_INFORMATION_FORMAT = "dwarf-with-dsym";
				ENABLE_NS_ASSERTIONS = NO;
				ENABLE_STRICT_OBJC_MSGSEND = YES;
				GCC_C_LANGUAGE_STANDARD = gnu11;
				GCC_NO_COMMON_BLOCKS = YES;
				GCC_WARN_64_TO_32_BIT_CONVERSION = YES;
				GCC_WARN_ABOUT_RETURN_TYPE = YES_ERROR;
				GCC_WARN_UNDECLARED_SELECTOR = YES;
				GCC_WARN_UNINITIALIZED_AUTOS = YES_AGGRESSIVE;
				GCC_WARN_UNUSED_FUNCTION = YES;
				GCC_WARN_UNUSED_VARIABLE = YES;
				IPHONEOS_DEPLOYMENT_TARGET = 15.5;
				MTL_ENABLE_DEBUG_INFO = NO;
				MTL_FAST_MATH = YES;
				SDKROOT = iphoneos;
				SWIFT_COMPILATION_MODE = wholemodule;
				SWIFT_OPTIMIZATION_LEVEL = "-O";
				VALIDATE_PRODUCT = YES;
			};
			name = Release;
		};
		56623BE628879B34002C59B9 /* Debug */ = {
			isa = XCBuildConfiguration;
			buildSettings = {
				ASSETCATALOG_COMPILER_APPICON_NAME = AppIcon;
				ASSETCATALOG_COMPILER_GLOBAL_ACCENT_COLOR_NAME = AccentColor;
				CODE_SIGN_STYLE = Automatic;
				CURRENT_PROJECT_VERSION = 1;
				DEVELOPMENT_ASSET_PATHS = "\"OnTrack/Preview Content\"";
				ENABLE_PREVIEWS = YES;
				GENERATE_INFOPLIST_FILE = YES;
				INFOPLIST_KEY_UIApplicationSceneManifest_Generation = YES;
				INFOPLIST_KEY_UIApplicationSupportsIndirectInputEvents = YES;
				INFOPLIST_KEY_UILaunchScreen_Generation = YES;
				INFOPLIST_KEY_UILaunchStoryboardName = LaunchScreen;
				INFOPLIST_KEY_UISupportedInterfaceOrientations_iPad = "UIInterfaceOrientationPortrait UIInterfaceOrientationPortraitUpsideDown UIInterfaceOrientationLandscapeLeft UIInterfaceOrientationLandscapeRight";
				INFOPLIST_KEY_UISupportedInterfaceOrientations_iPhone = "UIInterfaceOrientationPortrait UIInterfaceOrientationLandscapeLeft UIInterfaceOrientationLandscapeRight";
				LD_RUNPATH_SEARCH_PATHS = (
					"$(inherited)",
					"@executable_path/Frameworks",
				);
				MARKETING_VERSION = 1.0;
				PRODUCT_BUNDLE_IDENTIFIER = JES.OnTrack;
				PRODUCT_NAME = "$(TARGET_NAME)";
				SWIFT_EMIT_LOC_STRINGS = YES;
				SWIFT_VERSION = 5.0;
				TARGETED_DEVICE_FAMILY = "1,2";
			};
			name = Debug;
		};
		56623BE728879B34002C59B9 /* Release */ = {
			isa = XCBuildConfiguration;
			buildSettings = {
				ASSETCATALOG_COMPILER_APPICON_NAME = AppIcon;
				ASSETCATALOG_COMPILER_GLOBAL_ACCENT_COLOR_NAME = AccentColor;
				CODE_SIGN_STYLE = Automatic;
				CURRENT_PROJECT_VERSION = 1;
				DEVELOPMENT_ASSET_PATHS = "\"OnTrack/Preview Content\"";
				ENABLE_PREVIEWS = YES;
				GENERATE_INFOPLIST_FILE = YES;
				INFOPLIST_KEY_UIApplicationSceneManifest_Generation = YES;
				INFOPLIST_KEY_UIApplicationSupportsIndirectInputEvents = YES;
				INFOPLIST_KEY_UILaunchScreen_Generation = YES;
				INFOPLIST_KEY_UILaunchStoryboardName = LaunchScreen;
				INFOPLIST_KEY_UISupportedInterfaceOrientations_iPad = "UIInterfaceOrientationPortrait UIInterfaceOrientationPortraitUpsideDown UIInterfaceOrientationLandscapeLeft UIInterfaceOrientationLandscapeRight";
				INFOPLIST_KEY_UISupportedInterfaceOrientations_iPhone = "UIInterfaceOrientationPortrait UIInterfaceOrientationLandscapeLeft UIInterfaceOrientationLandscapeRight";
				LD_RUNPATH_SEARCH_PATHS = (
					"$(inherited)",
					"@executable_path/Frameworks",
				);
				MARKETING_VERSION = 1.0;
				PRODUCT_BUNDLE_IDENTIFIER = JES.OnTrack;
				PRODUCT_NAME = "$(TARGET_NAME)";
				SWIFT_EMIT_LOC_STRINGS = YES;
				SWIFT_VERSION = 5.0;
				TARGETED_DEVICE_FAMILY = "1,2";
			};
			name = Release;
		};
		56623BE928879B34002C59B9 /* Debug */ = {
			isa = XCBuildConfiguration;
			buildSettings = {
				ALWAYS_EMBED_SWIFT_STANDARD_LIBRARIES = YES;
				BUNDLE_LOADER = "$(TEST_HOST)";
				CODE_SIGN_STYLE = Automatic;
				CURRENT_PROJECT_VERSION = 1;
				GENERATE_INFOPLIST_FILE = YES;
				IPHONEOS_DEPLOYMENT_TARGET = 15.5;
				MARKETING_VERSION = 1.0;
				PRODUCT_BUNDLE_IDENTIFIER = JES.OnTrackTests;
				PRODUCT_NAME = "$(TARGET_NAME)";
				SWIFT_EMIT_LOC_STRINGS = NO;
				SWIFT_VERSION = 5.0;
				TARGETED_DEVICE_FAMILY = "1,2";
				TEST_HOST = "$(BUILT_PRODUCTS_DIR)/OnTrack.app/OnTrack";
			};
			name = Debug;
		};
		56623BEA28879B34002C59B9 /* Release */ = {
			isa = XCBuildConfiguration;
			buildSettings = {
				ALWAYS_EMBED_SWIFT_STANDARD_LIBRARIES = YES;
				BUNDLE_LOADER = "$(TEST_HOST)";
				CODE_SIGN_STYLE = Automatic;
				CURRENT_PROJECT_VERSION = 1;
				GENERATE_INFOPLIST_FILE = YES;
				IPHONEOS_DEPLOYMENT_TARGET = 15.5;
				MARKETING_VERSION = 1.0;
				PRODUCT_BUNDLE_IDENTIFIER = JES.OnTrackTests;
				PRODUCT_NAME = "$(TARGET_NAME)";
				SWIFT_EMIT_LOC_STRINGS = NO;
				SWIFT_VERSION = 5.0;
				TARGETED_DEVICE_FAMILY = "1,2";
				TEST_HOST = "$(BUILT_PRODUCTS_DIR)/OnTrack.app/OnTrack";
			};
			name = Release;
		};
		56623BEC28879B34002C59B9 /* Debug */ = {
			isa = XCBuildConfiguration;
			buildSettings = {
				ALWAYS_EMBED_SWIFT_STANDARD_LIBRARIES = YES;
				CODE_SIGN_STYLE = Automatic;
				CURRENT_PROJECT_VERSION = 1;
				GENERATE_INFOPLIST_FILE = YES;
				MARKETING_VERSION = 1.0;
				PRODUCT_BUNDLE_IDENTIFIER = JES.OnTrackUITests;
				PRODUCT_NAME = "$(TARGET_NAME)";
				SWIFT_EMIT_LOC_STRINGS = NO;
				SWIFT_VERSION = 5.0;
				TARGETED_DEVICE_FAMILY = "1,2";
				TEST_TARGET_NAME = OnTrack;
			};
			name = Debug;
		};
		56623BED28879B34002C59B9 /* Release */ = {
			isa = XCBuildConfiguration;
			buildSettings = {
				ALWAYS_EMBED_SWIFT_STANDARD_LIBRARIES = YES;
				CODE_SIGN_STYLE = Automatic;
				CURRENT_PROJECT_VERSION = 1;
				GENERATE_INFOPLIST_FILE = YES;
				MARKETING_VERSION = 1.0;
				PRODUCT_BUNDLE_IDENTIFIER = JES.OnTrackUITests;
				PRODUCT_NAME = "$(TARGET_NAME)";
				SWIFT_EMIT_LOC_STRINGS = NO;
				SWIFT_VERSION = 5.0;
				TARGETED_DEVICE_FAMILY = "1,2";
				TEST_TARGET_NAME = OnTrack;
			};
			name = Release;
		};
/* End XCBuildConfiguration section */

/* Begin XCConfigurationList section */
		56623BBC28879B2D002C59B9 /* Build configuration list for PBXProject "OnTrack" */ = {
			isa = XCConfigurationList;
			buildConfigurations = (
				56623BE328879B34002C59B9 /* Debug */,
				56623BE428879B34002C59B9 /* Release */,
			);
			defaultConfigurationIsVisible = 0;
			defaultConfigurationName = Release;
		};
		56623BE528879B34002C59B9 /* Build configuration list for PBXNativeTarget "OnTrack" */ = {
			isa = XCConfigurationList;
			buildConfigurations = (
				56623BE628879B34002C59B9 /* Debug */,
				56623BE728879B34002C59B9 /* Release */,
			);
			defaultConfigurationIsVisible = 0;
			defaultConfigurationName = Release;
		};
		56623BE828879B34002C59B9 /* Build configuration list for PBXNativeTarget "OnTrackTests" */ = {
			isa = XCConfigurationList;
			buildConfigurations = (
				56623BE928879B34002C59B9 /* Debug */,
				56623BEA28879B34002C59B9 /* Release */,
			);
			defaultConfigurationIsVisible = 0;
			defaultConfigurationName = Release;
		};
		56623BEB28879B34002C59B9 /* Build configuration list for PBXNativeTarget "OnTrackUITests" */ = {
			isa = XCConfigurationList;
			buildConfigurations = (
				56623BEC28879B34002C59B9 /* Debug */,
				56623BED28879B34002C59B9 /* Release */,
			);
			defaultConfigurationIsVisible = 0;
			defaultConfigurationName = Release;
		};
/* End XCConfigurationList section */

/* Begin XCVersionGroup section */
		568A141728B8FB1A00C0D9D1 /* TripsContainer.xcdatamodeld */ = {
			isa = XCVersionGroup;
			children = (
				568A141828B8FB1A00C0D9D1 /* TripsContainer.xcdatamodel */,
			);
			currentVersion = 568A141828B8FB1A00C0D9D1 /* TripsContainer.xcdatamodel */;
			path = TripsContainer.xcdatamodeld;
			sourceTree = "<group>";
			versionGroupType = wrapper.xcdatamodel;
		};
/* End XCVersionGroup section */
	};
	rootObject = 56623BB928879B2D002C59B9 /* Project object */;
}
